lockfileVersion: '9.0'

settings:
  autoInstallPeers: true
  excludeLinksFromLockfile: false

importers:

  .:
    devDependencies:
      chart.js:
        specifier: 2.9.4
        version: 2.9.4
      chartjs-plugin-annotation:
        specifier: 0.5.7
        version: 0.5.7
      chartjs-plugin-datalabels:
        specifier: 0.7.0
        version: 0.7.0(chart.js@2.9.4)

packages:

  chart.js@2.9.4:
    resolution: {integrity: sha512-B07aAzxcrikjAPyV+01j7BmOpxtQETxTSlQ26BEYJ+3iUkbNKaOJ/nDbT6JjyqYxseM0ON12COHYdU2cTIjC7A==}

  chartjs-color-string@0.6.0:
    resolution: {integrity: sha512-TIB5OKn1hPJvO7JcteW4WY/63v6KwEdt6udfnDE9iCAZgy+V4SrbSxoIbTw/xkUIapjEI4ExGtD0+6D3KyFd7A==}

  chartjs-color@2.4.1:
    resolution: {integrity: sha512-haqOg1+Yebys/Ts/9bLo/BqUcONQOdr/hoEr2LLTRl6C5LXctUdHxsCYfvQVg5JIxITrfCNUDr4ntqmQk9+/0w==}

  chartjs-plugin-annotation@0.5.7:
    resolution: {integrity: sha512-tKN5KLc69unyZGTvSdhVQEyAOhVNnSkFCCgefZhO4UaqFfABZGFU/d9p6WM2KB0eXFs/rR3Jayh7dvyASC7K0A==}

  chartjs-plugin-datalabels@0.7.0:
    resolution: {integrity: sha512-PKVUX14nYhH0wcdCpgOoC39Gbzvn6cZ7O9n+bwc02yKD9FTnJ7/TSrBcfebmolFZp1Rcicr9xbT0a5HUbigS7g==}
    peerDependencies:
      chart.js: '>= 2.7.0 < 3'

  color-convert@1.9.3:
    resolution: {integrity: sha512-QfAUtd+vFdAtFQcC8CCyYt1fYWxSqAiK2cSD6zDB8N3cpsEBAvRxp9zOGg6G/SHHJYAT88/az/IuDGALsNVbGg==}

  color-name@1.1.3:
    resolution: {integrity: sha512-72fSenhMw2HZMTVHeCA9KCmpEIbzWiQsjN+BHcBbS9vr1mtt+vJjPdksIBNUmKAW8TFUDPJK5SUU3QhE9NEXDw==}

  color-name@1.1.4:
    resolution: {integrity: sha512-dOy+3AuW3a2wNbZHIuMZpTcgjGuLU/uBL/ubcZF9OXbDo8ff4O8yVp5Bf0efS8uEoYo5q4Fx7dY9OgQGXgAsQA==}

  moment@2.30.1:
    resolution: {integrity: sha512-uEmtNhbDOrWPFS+hdjFCBfy9f2YoyzRpwcl+DqpC6taX21FzsTLQVbMV/W7PzNSX6x/bhC1zA3c2UQ5NzH6how==}

snapshots:

  chart.js@2.9.4:
    dependencies:
      chartjs-color: 2.4.1
      moment: 2.30.1

  chartjs-color-string@0.6.0:
    dependencies:
      color-name: 1.1.4

  chartjs-color@2.4.1:
    dependencies:
      chartjs-color-string: 0.6.0
      color-convert: 1.9.3

  chartjs-plugin-annotation@0.5.7:
    dependencies:
      chart.js: 2.9.4

  chartjs-plugin-datalabels@0.7.0(chart.js@2.9.4):
    dependencies:
      chart.js: 2.9.4

  color-convert@1.9.3:
    dependencies:
      color-name: 1.1.3

  color-name@1.1.3: {}

  color-name@1.1.4: {}

  moment@2.30.1: {}
