lockfileVersion: '9.0'

settings:
  autoInstallPeers: true
  excludeLinksFromLockfile: false

importers:

  .:
    devDependencies:
      chart.js:
        specifier: 4.5.0
        version: 4.5.0
      chartjs-plugin-annotation:
        specifier: 3.1.0
        version: 3.1.0(chart.js@4.5.0)
      chartjs-plugin-datalabels:
        specifier: 2.2.0
        version: 2.2.0(chart.js@4.5.0)

packages:

  '@kurkle/color@0.3.4':
    resolution: {integrity: sha512-M5UknZPHRu3DEDWoipU6sE8PdkZ6Z/S+v4dD+Ke8IaNlpdSQah50lz1KtcFBa2vsdOnwbbnxJwVM4wty6udA5w==}

  chart.js@4.5.0:
    resolution: {integrity: sha512-aYeC/jDgSEx8SHWZvANYMioYMZ2KX02W6f6uVfyteuCGcadDLcYVHdfdygsTQkQ4TKn5lghoojAsPj5pu0SnvQ==}
    engines: {pnpm: '>=8'}

  chartjs-plugin-annotation@3.1.0:
    resolution: {integrity: sha512-EkAed6/ycXD/7n0ShrlT1T2Hm3acnbFhgkIEJLa0X+M6S16x0zwj1Fv4suv/2bwayCT3jGPdAtI9uLcAMToaQQ==}
    peerDependencies:
      chart.js: '>=4.0.0'

  chartjs-plugin-datalabels@2.2.0:
    resolution: {integrity: sha512-14ZU30lH7n89oq+A4bWaJPnAG8a7ZTk7dKf48YAzMvJjQtjrgg5Dpk9f+LbjCF6bpx3RAGTeL13IXpKQYyRvlw==}
    peerDependencies:
      chart.js: '>=3.0.0'

snapshots:

  '@kurkle/color@0.3.4': {}

  chart.js@4.5.0:
    dependencies:
      '@kurkle/color': 0.3.4

  chartjs-plugin-annotation@3.1.0(chart.js@4.5.0):
    dependencies:
      chart.js: 4.5.0

  chartjs-plugin-datalabels@2.2.0(chart.js@4.5.0):
    dependencies:
      chart.js: 4.5.0
